
Microsoft Visual Studio Solution File, Format Version 12.00
# Visual Studio 15
VisualStudioVersion = 15.0.28307.329
MinimumVisualStudioVersion = 10.0.40219.1
Project("{FAE04EC0-301F-11D3-BF4B-00C04F79EFBC}") = "Exercice1partie3s", "Exercice1partie3s\Exercice1partie3s.csproj", "{B83C4189-771B-4D5F-B108-89E6CD5EA2F0}"
EndProject
Global
	GlobalSection(SolutionConfigurationPlatforms) = preSolution
		Debug|Any CPU = Debug|Any CPU
		Release|Any CPU = Release|Any CPU
	EndGlobalSection
	GlobalSection(ProjectConfigurationPlatforms) = postSolution
		{B83C4189-771B-4D5F-B108-89E6CD5EA2F0}.Debug|Any CPU.ActiveCfg = Debug|Any CPU
		{B83C4189-771B-4D5F-B108-89E6CD5EA2F0}.Debug|Any CPU.Build.0 = Debug|Any CPU
		{B83C4189-771B-4D5F-B108-89E6CD5EA2F0}.Release|Any CPU.ActiveCfg = Release|Any CPU
		{B83C4189-771B-4D5F-B108-89E6CD5EA2F0}.Release|Any CPU.Build.0 = Release|Any CPU
	EndGlobalSection
	GlobalSection(SolutionProperties) = preSolution
		HideSolutionNode = FALSE
	EndGlobalSection
	GlobalSection(ExtensibilityGlobals) = postSolution
		SolutionGuid = {92AE5193-FC9E-45D4-944F-4F93C77C91BC}
	EndGlobalSection
EndGlobal
