
Microsoft Visual Studio Solution File, Format Version 12.00
# Visual Studio 15
VisualStudioVersion = 15.0.28307.329
MinimumVisualStudioVersion = 10.0.40219.1
Project("{FAE04EC0-301F-11D3-BF4B-00C04F79EFBC}") = "Exercice1partie4", "Exercice1partie4\Exercice1partie4.csproj", "{5C15E86C-CC61-4EDA-B7B4-652E4D1BC81A}"
EndProject
Global
	GlobalSection(SolutionConfigurationPlatforms) = preSolution
		Debug|Any CPU = Debug|Any CPU
		Release|Any CPU = Release|Any CPU
	EndGlobalSection
	GlobalSection(ProjectConfigurationPlatforms) = postSolution
		{5C15E86C-CC61-4EDA-B7B4-652E4D1BC81A}.Debug|Any CPU.ActiveCfg = Debug|Any CPU
		{5C15E86C-CC61-4EDA-B7B4-652E4D1BC81A}.Debug|Any CPU.Build.0 = Debug|Any CPU
		{5C15E86C-CC61-4EDA-B7B4-652E4D1BC81A}.Release|Any CPU.ActiveCfg = Release|Any CPU
		{5C15E86C-CC61-4EDA-B7B4-652E4D1BC81A}.Release|Any CPU.Build.0 = Release|Any CPU
	EndGlobalSection
	GlobalSection(SolutionProperties) = preSolution
		HideSolutionNode = FALSE
	EndGlobalSection
	GlobalSection(ExtensibilityGlobals) = postSolution
		SolutionGuid = {76F411AF-793E-4F11-9763-036202FA0619}
	EndGlobalSection
EndGlobal
