
Microsoft Visual Studio Solution File, Format Version 12.00
# Visual Studio 15
VisualStudioVersion = 15.0.28307.329
MinimumVisualStudioVersion = 10.0.40219.1
Project("{FAE04EC0-301F-11D3-BF4B-00C04F79EFBC}") = "exercice3partie2", "exercice3partie2\exercice3partie2.csproj", "{941AA393-5DE0-45D4-AF57-0034CAA328EE}"
EndProject
Global
	GlobalSection(SolutionConfigurationPlatforms) = preSolution
		Debug|Any CPU = Debug|Any CPU
		Release|Any CPU = Release|Any CPU
	EndGlobalSection
	GlobalSection(ProjectConfigurationPlatforms) = postSolution
		{941AA393-5DE0-45D4-AF57-0034CAA328EE}.Debug|Any CPU.ActiveCfg = Debug|Any CPU
		{941AA393-5DE0-45D4-AF57-0034CAA328EE}.Debug|Any CPU.Build.0 = Debug|Any CPU
		{941AA393-5DE0-45D4-AF57-0034CAA328EE}.Release|Any CPU.ActiveCfg = Release|Any CPU
		{941AA393-5DE0-45D4-AF57-0034CAA328EE}.Release|Any CPU.Build.0 = Release|Any CPU
	EndGlobalSection
	GlobalSection(SolutionProperties) = preSolution
		HideSolutionNode = FALSE
	EndGlobalSection
	GlobalSection(ExtensibilityGlobals) = postSolution
		SolutionGuid = {C16D973E-C95A-4470-9319-B9D4435D02D7}
	EndGlobalSection
EndGlobal
