
Microsoft Visual Studio Solution File, Format Version 12.00
# Visual Studio 15
VisualStudioVersion = 15.0.28307.329
MinimumVisualStudioVersion = 10.0.40219.1
Project("{FAE04EC0-301F-11D3-BF4B-00C04F79EFBC}") = "exercice5html", "exercice5html\exercice5html.csproj", "{F4CD2E87-A037-44B9-A291-9C3E794CC8F2}"
EndProject
Global
	GlobalSection(SolutionConfigurationPlatforms) = preSolution
		Debug|Any CPU = Debug|Any CPU
		Release|Any CPU = Release|Any CPU
	EndGlobalSection
	GlobalSection(ProjectConfigurationPlatforms) = postSolution
		{F4CD2E87-A037-44B9-A291-9C3E794CC8F2}.Debug|Any CPU.ActiveCfg = Debug|Any CPU
		{F4CD2E87-A037-44B9-A291-9C3E794CC8F2}.Debug|Any CPU.Build.0 = Debug|Any CPU
		{F4CD2E87-A037-44B9-A291-9C3E794CC8F2}.Release|Any CPU.ActiveCfg = Release|Any CPU
		{F4CD2E87-A037-44B9-A291-9C3E794CC8F2}.Release|Any CPU.Build.0 = Release|Any CPU
	EndGlobalSection
	GlobalSection(SolutionProperties) = preSolution
		HideSolutionNode = FALSE
	EndGlobalSection
	GlobalSection(ExtensibilityGlobals) = postSolution
		SolutionGuid = {FF073C7D-4919-4AF0-9726-8F9D5C3D13CB}
	EndGlobalSection
EndGlobal
