
Microsoft Visual Studio Solution File, Format Version 12.00
# Visual Studio 15
VisualStudioVersion = 15.0.28307.329
MinimumVisualStudioVersion = 10.0.40219.1
Project("{FAE04EC0-301F-11D3-BF4B-00C04F79EFBC}") = "Exercice6partie4", "Exercice6partie4\Exercice6partie4.csproj", "{9BC0B940-1272-45E8-80E6-E7E45F628E8F}"
EndProject
Global
	GlobalSection(SolutionConfigurationPlatforms) = preSolution
		Debug|Any CPU = Debug|Any CPU
		Release|Any CPU = Release|Any CPU
	EndGlobalSection
	GlobalSection(ProjectConfigurationPlatforms) = postSolution
		{9BC0B940-1272-45E8-80E6-E7E45F628E8F}.Debug|Any CPU.ActiveCfg = Debug|Any CPU
		{9BC0B940-1272-45E8-80E6-E7E45F628E8F}.Debug|Any CPU.Build.0 = Debug|Any CPU
		{9BC0B940-1272-45E8-80E6-E7E45F628E8F}.Release|Any CPU.ActiveCfg = Release|Any CPU
		{9BC0B940-1272-45E8-80E6-E7E45F628E8F}.Release|Any CPU.Build.0 = Release|Any CPU
	EndGlobalSection
	GlobalSection(SolutionProperties) = preSolution
		HideSolutionNode = FALSE
	EndGlobalSection
	GlobalSection(ExtensibilityGlobals) = postSolution
		SolutionGuid = {1E95D3B1-807A-408F-A1D8-E71E63131BEC}
	EndGlobalSection
EndGlobal
