
Microsoft Visual Studio Solution File, Format Version 12.00
# Visual Studio 15
VisualStudioVersion = 15.0.28307.329
MinimumVisualStudioVersion = 10.0.40219.1
Project("{FAE04EC0-301F-11D3-BF4B-00C04F79EFBC}") = "exercice3bootstrap", "exercice3bootstrap\exercice3bootstrap.csproj", "{81FD1784-8EE0-4692-B198-4A270A75A860}"
EndProject
Global
	GlobalSection(SolutionConfigurationPlatforms) = preSolution
		Debug|Any CPU = Debug|Any CPU
		Release|Any CPU = Release|Any CPU
	EndGlobalSection
	GlobalSection(ProjectConfigurationPlatforms) = postSolution
		{81FD1784-8EE0-4692-B198-4A270A75A860}.Debug|Any CPU.ActiveCfg = Debug|Any CPU
		{81FD1784-8EE0-4692-B198-4A270A75A860}.Debug|Any CPU.Build.0 = Debug|Any CPU
		{81FD1784-8EE0-4692-B198-4A270A75A860}.Release|Any CPU.ActiveCfg = Release|Any CPU
		{81FD1784-8EE0-4692-B198-4A270A75A860}.Release|Any CPU.Build.0 = Release|Any CPU
	EndGlobalSection
	GlobalSection(SolutionProperties) = preSolution
		HideSolutionNode = FALSE
	EndGlobalSection
	GlobalSection(ExtensibilityGlobals) = postSolution
		SolutionGuid = {A93A4CE4-1519-478B-BCAF-168269EE5A07}
	EndGlobalSection
EndGlobal
